<?xml version="1.0" encoding="utf-8"?>
<Project ToolsVersion="4.0" xmlns="http://schemas.microsoft.com/developer/msbuild/2003">
  <ItemGroup>
    <Filter Include="Source Files">
      <UniqueIdentifier>{4FC737F1-C7A5-4376-A066-2A32D752A2FF}</UniqueIdentifier>
      <Extensions>cpp;c;cc;cxx;def;odl;idl;hpj;bat;asm;asmx</Extensions>
    </Filter>
    <Filter Include="Source Files\core">
      <UniqueIdentifier>{4f839c27-2bab-4f08-811e-c11770e49102}</UniqueIdentifier>
    </Filter>
    <Filter Include="Source Files\core\scene">
      <UniqueIdentifier>{c0d8a07c-587b-4734-b9a3-bcf6509f4274}</UniqueIdentifier>
    </Filter>
    <Filter Include="Source Files\util">
      <UniqueIdentifier>{1041faed-f993-4d2a-97ee-546b781b7caa}</UniqueIdentifier>
    </Filter>
    <Filter Include="Source Files\deps">
      <UniqueIdentifier>{2e36dc33-c950-49ca-b900-e29a589276dd}</UniqueIdentifier>
    </Filter>
    <Filter Include="Source Files\deps\epsilon">
      <UniqueIdentifier>{7d270109-2d37-4429-be90-4496e5789d29}</UniqueIdentifier>
    </Filter>
    <Filter Include="Source Files\deps\chinoise">
      <UniqueIdentifier>{74096dcd-5d7d-49b0-adfe-fb85f4af9456}</UniqueIdentifier>
    </Filter>
    <Filter Include="Source Files\core\scene\geometry">
      <UniqueIdentifier>{365ffabc-15c6-4dc4-b619-470e239da2f4}</UniqueIdentifier>
    </Filter>
    <Filter Include="Source Files\core\cuda">
      <UniqueIdentifier>{dc8ef26b-92fc-49a6-8e3e-e11923698598}</UniqueIdentifier>
    </Filter>
    <Filter Include="Source Files\core\scene\materials">
      <UniqueIdentifier>{afa2cece-3753-4915-9d7f-e73d4aeb3a60}</UniqueIdentifier>
    </Filter>
    <Filter Include="Source Files\core\scene\textures">
      <UniqueIdentifier>{f4a4e5ef-3dd4-457b-b188-4f02684ed554}</UniqueIdentifier>
    </Filter>
    <Filter Include="Source Files\core\math">
      <UniqueIdentifier>{4f239cea-46d0-47e5-aff6-18adb0327e19}</UniqueIdentifier>
    </Filter>
    <Filter Include="Source Files\export">
      <UniqueIdentifier>{2985f6a7-0844-4d94-af66-3eb5b7eecec3}</UniqueIdentifier>
    </Filter>
    <Filter Include="Source Files\core\scene\lights">
      <UniqueIdentifier>{42070a0d-cb5a-4a1b-b82f-20050c68ba0f}</UniqueIdentifier>
    </Filter>
    <Filter Include="Source Files\core\cameras">
      <UniqueIdentifier>{6ee163c8-7702-47ff-8770-fef98b98fcb6}</UniqueIdentifier>
    </Filter>
    <Filter Include="Source Files\core\renderer">
      <UniqueIdentifier>{506fd478-9766-443f-bc73-21533eab341c}</UniqueIdentifier>
    </Filter>
    <Filter Include="Source Files\core\memory">
      <UniqueIdentifier>{97993b8b-0988-4b82-9fb7-596de98c790a}</UniqueIdentifier>
    </Filter>
  </ItemGroup>
  <ItemGroup>
    <ClCompile Include="..\..\deps\epsilon\src\3dintersection.cpp">
      <Filter>Source Files\deps\epsilon</Filter>
    </ClCompile>
    <ClCompile Include="..\..\deps\epsilon\src\3dtypes.cpp">
      <Filter>Source Files\deps\epsilon</Filter>
    </ClCompile>
    <ClCompile Include="..\..\deps\epsilon\src\2dintersection.cpp">
      <Filter>Source Files\deps\epsilon</Filter>
    </ClCompile>
    <ClCompile Include="..\..\deps\epsilon\src\3dfunctions.cpp">
      <Filter>Source Files\deps\epsilon</Filter>
    </ClCompile>
    <ClCompile Include="..\..\deps\chinoise\src\fieldnoise.cpp">
      <Filter>Source Files\deps\chinoise</Filter>
    </ClCompile>
    <ClCompile Include="..\..\deps\chinoise\src\rnd.cpp">
      <Filter>Source Files\deps\chinoise</Filter>
    </ClCompile>
    <ClCompile Include="..\..\deps\chinoise\src\chinoise.cpp">
      <Filter>Source Files\deps\chinoise</Filter>
    </ClCompile>
    <ClCompile Include="..\..\src\util\log.cpp">
      <Filter>Source Files\util</Filter>
    </ClCompile>
    <ClCompile Include="..\..\src\core\scene\geometry\polygon.cpp">
      <Filter>Source Files\core\scene\geometry</Filter>
    </ClCompile>
    <ClCompile Include="..\..\src\core\scene\geometry\sphere.cpp">
      <Filter>Source Files\core\scene\geometry</Filter>
    </ClCompile>
    <ClCompile Include="..\..\src\core\scene\object.cpp">
      <Filter>Source Files\core\scene</Filter>
    </ClCompile>
    <ClCompile Include="..\..\src\core\scene\materials\material.cpp">
      <Filter>Source Files\core\scene\materials</Filter>
    </ClCompile>
    <ClCompile Include="..\..\src\core\scene\textures\cputexture.cpp">
      <Filter>Source Files\core\scene\textures</Filter>
    </ClCompile>
    <ClCompile Include="..\..\src\core\scene\textures\texture.cpp">
      <Filter>Source Files\core\scene\textures</Filter>
    </ClCompile>
    <ClCompile Include="..\..\src\core\scene\materials\lambert.cpp">
      <Filter>Source Files\core\scene\materials</Filter>
    </ClCompile>
    <ClCompile Include="..\..\src\core\scene\scene.cpp">
      <Filter>Source Files\core\scene</Filter>
    </ClCompile>
    <ClCompile Include="..\..\src\core\scene\attribute.cpp">
      <Filter>Source Files\core\scene</Filter>
    </ClCompile>
    <ClCompile Include="..\..\src\core\scene\world_container.cpp">
      <Filter>Source Files\core\scene</Filter>
    </ClCompile>
    <ClCompile Include="..\..\src\core\scene\scenario.cpp">
      <Filter>Source Files\core\scene</Filter>
    </ClCompile>
    <ClCompile Include="..\..\src\core\scene\instance.cpp">
      <Filter>Source Files\core\scene</Filter>
    </ClCompile>
    <ClCompile Include="..\..\src\core\cameras\pinhole.cpp">
      <Filter>Source Files\core\cameras</Filter>
    </ClCompile>
    <ClCompile Include="..\..\src\core\cameras\camera.cpp">
      <Filter>Source Files\core\cameras</Filter>
    </ClCompile>
    <ClCompile Include="..\..\src\core\renderer\cpu_pt.cpp">
      <Filter>Source Files\core\renderer</Filter>
    </ClCompile>
    <ClCompile Include="..\..\src\util\types.cpp">
      <Filter>Source Files\util</Filter>
    </ClCompile>
    <ClCompile Include="..\..\src\core\scene\lights\light_tree.cpp">
      <Filter>Source Files\core\scene\lights</Filter>
    </ClCompile>
  </ItemGroup>
  <ItemGroup>
    <ClInclude Include="..\..\src\core\scene\object.hpp">
      <Filter>Source Files\core\scene</Filter>
    </ClInclude>
    <ClInclude Include="..\..\src\util\assert.hpp">
      <Filter>Source Files\util</Filter>
    </ClInclude>
    <ClInclude Include="..\..\deps\epsilon\include\ei\2dintersection.hpp">
      <Filter>Source Files\deps\epsilon</Filter>
    </ClInclude>
    <ClInclude Include="..\..\deps\epsilon\include\ei\2dtypes.hpp">
      <Filter>Source Files\deps\epsilon</Filter>
    </ClInclude>
    <ClInclude Include="..\..\deps\epsilon\include\ei\3dintersection.hpp">
      <Filter>Source Files\deps\epsilon</Filter>
    </ClInclude>
    <ClInclude Include="..\..\deps\epsilon\include\ei\3dtypes.hpp">
      <Filter>Source Files\deps\epsilon</Filter>
    </ClInclude>
    <ClInclude Include="..\..\deps\epsilon\include\ei\configure.hpp">
      <Filter>Source Files\deps\epsilon</Filter>
    </ClInclude>
    <ClInclude Include="..\..\deps\epsilon\include\ei\defaultconfig.hpp">
      <Filter>Source Files\deps\epsilon</Filter>
    </ClInclude>
    <ClInclude Include="..\..\deps\epsilon\include\ei\elementarytypes.hpp">
      <Filter>Source Files\deps\epsilon</Filter>
    </ClInclude>
    <ClInclude Include="..\..\deps\epsilon\include\ei\prime.hpp">
      <Filter>Source Files\deps\epsilon</Filter>
    </ClInclude>
    <ClInclude Include="..\..\deps\epsilon\include\ei\stdextensions.hpp">
      <Filter>Source Files\deps\epsilon</Filter>
    </ClInclude>
    <ClInclude Include="..\..\deps\epsilon\include\ei\vector.hpp">
      <Filter>Source Files\deps\epsilon</Filter>
    </ClInclude>
    <ClInclude Include="..\..\deps\chinoise\include\cn\chinoise.hpp">
      <Filter>Source Files\deps\chinoise</Filter>
    </ClInclude>
    <ClInclude Include="..\..\deps\chinoise\include\cn\fieldnoise.hpp">
      <Filter>Source Files\deps\chinoise</Filter>
    </ClInclude>
    <ClInclude Include="..\..\deps\chinoise\include\cn\rnd.hpp">
      <Filter>Source Files\deps\chinoise</Filter>
    </ClInclude>
    <ClInclude Include="..\..\deps\chinoise\include\cn\sampler.hpp">
      <Filter>Source Files\deps\chinoise</Filter>
    </ClInclude>
    <ClInclude Include="..\..\src\util\types.hpp">
      <Filter>Source Files\util</Filter>
    </ClInclude>
    <ClInclude Include="..\..\src\util\log.hpp">
      <Filter>Source Files\util</Filter>
    </ClInclude>
    <ClInclude Include="..\..\src\core\scene\geometry\polygon.hpp">
      <Filter>Source Files\core\scene\geometry</Filter>
    </ClInclude>
    <ClInclude Include="..\..\src\util\punning.hpp">
      <Filter>Source Files\util</Filter>
    </ClInclude>
    <ClInclude Include="..\..\src\core\scene\geometry\sphere.hpp">
      <Filter>Source Files\core\scene\geometry</Filter>
    </ClInclude>
    <ClInclude Include="..\..\src\util\tagged_tuple.hpp">
      <Filter>Source Files\util</Filter>
    </ClInclude>
    <ClInclude Include="..\..\src\core\scene\instance.hpp">
      <Filter>Source Files\core\scene</Filter>
    </ClInclude>
    <ClInclude Include="..\..\src\core\scene\scene.hpp">
      <Filter>Source Files\core\scene</Filter>
    </ClInclude>
    <ClInclude Include="..\..\src\util\flag.hpp">
      <Filter>Source Files\util</Filter>
    </ClInclude>
    <ClInclude Include="..\..\src\core\cuda\memory.hpp">
      <Filter>Source Files\core\cuda</Filter>
    </ClInclude>
    <ClInclude Include="..\..\src\core\scene\materials\material.hpp">
      <Filter>Source Files\core\scene\materials</Filter>
    </ClInclude>
    <ClInclude Include="..\..\src\core\scene\materials\medium.hpp">
      <Filter>Source Files\core\scene\materials</Filter>
    </ClInclude>
    <ClInclude Include="..\..\src\core\scene\materials\sample.hpp">
      <Filter>Source Files\core\scene\materials</Filter>
    </ClInclude>
    <ClInclude Include="..\..\src\util\types.hpp">
      <Filter>Source Files\util</Filter>
    </ClInclude>
    <ClInclude Include="..\..\src\core\scene\types.hpp">
      <Filter>Source Files\core\scene</Filter>
    </ClInclude>
    <ClInclude Include="..\..\src\core\scene\materials\lambert.hpp">
      <Filter>Source Files\core\scene\materials</Filter>
    </ClInclude>
    <ClInclude Include="..\..\src\core\scene\textures\cputexture.hpp">
      <Filter>Source Files\core\scene\textures</Filter>
    </ClInclude>
    <ClInclude Include="..\..\src\core\scene\textures\cubemap.hpp">
      <Filter>Source Files\core\scene\textures</Filter>
    </ClInclude>
    <ClInclude Include="..\..\src\core\scene\textures\texture.hpp">
      <Filter>Source Files\core\scene\textures</Filter>
    </ClInclude>
    <ClInclude Include="..\..\src\core\scene\materials\types.hpp">
      <Filter>Source Files\core\scene\materials</Filter>
    </ClInclude>
    <ClInclude Include="..\..\src\util\array_wrapper.hpp">
      <Filter>Source Files\util</Filter>
    </ClInclude>
    <ClInclude Include="..\..\src\core\cuda\error.hpp">
      <Filter>Source Files\core\cuda</Filter>
    </ClInclude>
    <ClInclude Include="..\..\src\core\math\sampling.hpp">
      <Filter>Source Files\core\math</Filter>
    </ClInclude>
    <ClInclude Include="..\..\src\export\dll_export.hpp">
      <Filter>Source Files\export</Filter>
    </ClInclude>
    <ClInclude Include="..\..\src\core\scene\world_container.hpp">
      <Filter>Source Files\core\scene</Filter>
    </ClInclude>
    <ClInclude Include="..\..\src\core\scene\scenario.hpp">
      <Filter>Source Files\core\scene</Filter>
    </ClInclude>
    <ClInclude Include="..\..\src\util\range.hpp">
      <Filter>Source Files\util</Filter>
    </ClInclude>
    <ClInclude Include="..\..\src\core\scene\lights\lights.hpp">
      <Filter>Source Files\core\scene\lights</Filter>
    </ClInclude>
    <ClInclude Include="..\..\src\core\scene\lights\light_tree.hpp">
      <Filter>Source Files\core\scene\lights</Filter>
    </ClInclude>
    <ClInclude Include="..\..\src\core\cameras\camera.hpp">
      <Filter>Source Files\core\cameras</Filter>
    </ClInclude>
    <ClInclude Include="..\..\src\core\cameras\pinhole.hpp">
      <Filter>Source Files\core\cameras</Filter>
    </ClInclude>
    <ClInclude Include="..\..\src\core\cameras\sample.hpp">
      <Filter>Source Files\core\cameras</Filter>
    </ClInclude>
    <ClInclude Include="..\..\src\core\renderer\random_walk.hpp">
      <Filter>Source Files\core\renderer</Filter>
    </ClInclude>
    <ClInclude Include="..\..\src\core\renderer\cpu_pt.hpp">
      <Filter>Source Files\core\renderer</Filter>
    </ClInclude>
    <ClInclude Include="..\..\src\core\scene\handles.hpp">
      <Filter>Source Files\core\scene</Filter>
    </ClInclude>
    <ClInclude Include="..\..\src\core\renderer\path_util.hpp">
      <Filter>Source Files\core\renderer</Filter>
    </ClInclude>
    <ClInclude Include="..\..\src\util\dyntype_memory.hpp">
      <Filter>Source Files\util</Filter>
    </ClInclude>
    <ClInclude Include="..\..\src\core\memory\dyntype_memory.hpp">
      <Filter>Source Files\core\memory</Filter>
    </ClInclude>
    <ClInclude Include="..\..\src\core\memory\residency.hpp">
      <Filter>Source Files\core\memory</Filter>
    </ClInclude>
    <ClInclude Include="..\..\src\core\memory\allocator.hpp">
      <Filter>Source Files\core\memory</Filter>
    </ClInclude>
    <ClInclude Include="..\..\src\core\memory\synchronize.hpp">
      <Filter>Source Files\core\memory</Filter>
    </ClInclude>
    <ClInclude Include="..\..\src\core\memory\accessor.hpp">
      <Filter>Source Files\core\memory</Filter>
    </ClInclude>
  </ItemGroup>
  <ItemGroup>
    <ClInclude Include="..\..\src\core\scene\accel_struct.hpp">
      <Filter>Source Files\core\scene</Filter>
    </ClInclude>
    <ClInclude Include="..\..\src\core\scene\attribute_list.hpp">
      <Filter>Source Files\core\scene</Filter>
    </ClInclude>
    <ClInclude Include="..\..\src\core\scene\attribute.hpp">
      <Filter>Source Files\core\scene</Filter>
    </ClInclude>
  </ItemGroup>
</Project>