<?xml version="1.0" encoding="utf-8"?>
<Project ToolsVersion="4.0" xmlns="http://schemas.microsoft.com/developer/msbuild/2003">
  <ItemGroup>
    <Filter Include="Source Files">
      <UniqueIdentifier>{4FC737F1-C7A5-4376-A066-2A32D752A2FF}</UniqueIdentifier>
      <Extensions>cpp;c;cc;cxx;def;odl;idl;hpj;bat;asm;asmx</Extensions>
    </Filter>
    <Filter Include="Source Files\core">
      <UniqueIdentifier>{4f839c27-2bab-4f08-811e-c11770e49102}</UniqueIdentifier>
    </Filter>
    <Filter Include="Source Files\core\scene">
      <UniqueIdentifier>{c0d8a07c-587b-4734-b9a3-bcf6509f4274}</UniqueIdentifier>
    </Filter>
    <Filter Include="Source Files\util">
      <UniqueIdentifier>{1041faed-f993-4d2a-97ee-546b781b7caa}</UniqueIdentifier>
    </Filter>
    <Filter Include="Source Files\deps">
      <UniqueIdentifier>{2e36dc33-c950-49ca-b900-e29a589276dd}</UniqueIdentifier>
    </Filter>
    <Filter Include="Source Files\deps\epsilon">
      <UniqueIdentifier>{7d270109-2d37-4429-be90-4496e5789d29}</UniqueIdentifier>
    </Filter>
    <Filter Include="Source Files\deps\chinoise">
      <UniqueIdentifier>{74096dcd-5d7d-49b0-adfe-fb85f4af9456}</UniqueIdentifier>
    </Filter>
    <Filter Include="Source Files\core\scene\geometry">
      <UniqueIdentifier>{365ffabc-15c6-4dc4-b619-470e239da2f4}</UniqueIdentifier>
    </Filter>
    <Filter Include="Source Files\core\cuda">
      <UniqueIdentifier>{dc8ef26b-92fc-49a6-8e3e-e11923698598}</UniqueIdentifier>
    </Filter>
    <Filter Include="Source Files\core\scene\materials">
      <UniqueIdentifier>{afa2cece-3753-4915-9d7f-e73d4aeb3a60}</UniqueIdentifier>
    </Filter>
    <Filter Include="Source Files\core\scene\textures">
      <UniqueIdentifier>{f4a4e5ef-3dd4-457b-b188-4f02684ed554}</UniqueIdentifier>
    </Filter>
    <Filter Include="Source Files\core\math">
      <UniqueIdentifier>{4f239cea-46d0-47e5-aff6-18adb0327e19}</UniqueIdentifier>
    </Filter>
    <Filter Include="Source Files\export">
      <UniqueIdentifier>{2985f6a7-0844-4d94-af66-3eb5b7eecec3}</UniqueIdentifier>
    </Filter>
    <Filter Include="Source Files\core\scene\lights">
      <UniqueIdentifier>{42070a0d-cb5a-4a1b-b82f-20050c68ba0f}</UniqueIdentifier>
    </Filter>
    <Filter Include="Source Files\core\cameras">
      <UniqueIdentifier>{6ee163c8-7702-47ff-8770-fef98b98fcb6}</UniqueIdentifier>
    </Filter>
    <Filter Include="Source Files\core\renderer">
      <UniqueIdentifier>{506fd478-9766-443f-bc73-21533eab341c}</UniqueIdentifier>
    </Filter>
    <Filter Include="Source Files\core\memory">
      <UniqueIdentifier>{97993b8b-0988-4b82-9fb7-596de98c790a}</UniqueIdentifier>
    </Filter>
    <Filter Include="Source Files\deps\glad">
      <UniqueIdentifier>{955150f0-85fa-405c-92b3-050fae4a0c76}</UniqueIdentifier>
    </Filter>
    <Filter Include="Source Files\deps\glad\glad">
      <UniqueIdentifier>{fa881fd1-751f-4c15-b289-7f7785d45484}</UniqueIdentifier>
    </Filter>
    <Filter Include="Source Files\deps\glad\KHR">
      <UniqueIdentifier>{568fd7ed-385f-4437-b142-527369fb5a2b}</UniqueIdentifier>
    </Filter>
    <Filter Include="Source Files\core\scene\accel_structs">
      <UniqueIdentifier>{12f4fde0-5ca0-4a4d-b861-603418b5b36d}</UniqueIdentifier>
    </Filter>
    <Filter Include="Source Files\deps\cub">
      <UniqueIdentifier>{1cecc38a-8783-4415-9fff-99b0c2ba4b2f}</UniqueIdentifier>
    </Filter>
    <Filter Include="Source Files\deps\cub\agent">
      <UniqueIdentifier>{d55174c2-54b1-4e6c-b1bf-b329ffdb9f16}</UniqueIdentifier>
    </Filter>
    <Filter Include="Source Files\deps\cub\block">
      <UniqueIdentifier>{ff327e11-d915-4eab-b7e7-bd95a595a226}</UniqueIdentifier>
    </Filter>
    <Filter Include="Source Files\deps\cub\device">
      <UniqueIdentifier>{3fc8eca3-3068-4afb-9d1f-e3990b2ffc29}</UniqueIdentifier>
    </Filter>
    <Filter Include="Source Files\deps\cub\grid">
      <UniqueIdentifier>{196acafc-12b9-4793-9d1a-52fb8513c10a}</UniqueIdentifier>
    </Filter>
    <Filter Include="Source Files\deps\cub\host">
      <UniqueIdentifier>{4c5ea34f-5e3f-42fb-b512-e350eafdfcdf}</UniqueIdentifier>
    </Filter>
    <Filter Include="Source Files\deps\cub\iterator">
      <UniqueIdentifier>{fec2fac7-80ed-4845-b2c0-1feea2db2305}</UniqueIdentifier>
    </Filter>
    <Filter Include="Source Files\deps\cub\warp">
      <UniqueIdentifier>{d43c5115-8f9c-40ea-992c-3da4f06d5bac}</UniqueIdentifier>
    </Filter>
    <Filter Include="Source Files\deps\cub\thread">
      <UniqueIdentifier>{4021e02e-a8ce-481e-b234-7da0114688c9}</UniqueIdentifier>
    </Filter>
    <Filter Include="Source Files\deps\cub\block\specializations">
      <UniqueIdentifier>{50e764b8-943c-411b-9688-cf75f43dd3e7}</UniqueIdentifier>
    </Filter>
    <Filter Include="Source Files\deps\cub\device\dispatch">
      <UniqueIdentifier>{89e8d33c-a09f-45a1-9cfe-d646316c3e73}</UniqueIdentifier>
    </Filter>
    <Filter Include="Source Files\deps\cub\warp\specializations">
      <UniqueIdentifier>{6e05d85b-efc3-4aa6-82e2-bcacfb1180d4}</UniqueIdentifier>
    </Filter>
    <Filter Include="Source Files\core\export">
      <UniqueIdentifier>{16cd16ac-42ec-446f-878c-14e31087e918}</UniqueIdentifier>
    </Filter>
    <Filter Include="Source Files\plugin">
      <UniqueIdentifier>{e621662f-a532-464b-83a1-3f02d8c729fa}</UniqueIdentifier>
    </Filter>
    <Filter Include="Source Files\profiler">
      <UniqueIdentifier>{0b4c810c-d739-4525-89c3-f8fb154f9b5f}</UniqueIdentifier>
    </Filter>
  </ItemGroup>
  <ItemGroup>
    <ClCompile Include="..\..\deps\chinoise\src\fieldnoise.cpp">
      <Filter>Source Files\deps\chinoise</Filter>
    </ClCompile>
    <ClCompile Include="..\..\deps\chinoise\src\rnd.cpp">
      <Filter>Source Files\deps\chinoise</Filter>
    </ClCompile>
    <ClCompile Include="..\..\deps\chinoise\src\chinoise.cpp">
      <Filter>Source Files\deps\chinoise</Filter>
    </ClCompile>
    <ClCompile Include="..\..\src\util\log.cpp">
      <Filter>Source Files\util</Filter>
    </ClCompile>
    <ClCompile Include="..\..\src\core\scene\geometry\polygon.cpp">
      <Filter>Source Files\core\scene\geometry</Filter>
    </ClCompile>
    <ClCompile Include="..\..\src\core\scene\geometry\sphere.cpp">
      <Filter>Source Files\core\scene\geometry</Filter>
    </ClCompile>
    <ClCompile Include="..\..\src\core\scene\object.cpp">
      <Filter>Source Files\core\scene</Filter>
    </ClCompile>
    <ClCompile Include="..\..\src\core\scene\materials\material.cpp">
      <Filter>Source Files\core\scene\materials</Filter>
    </ClCompile>
    <ClCompile Include="..\..\src\core\scene\textures\cputexture.cpp">
      <Filter>Source Files\core\scene\textures</Filter>
    </ClCompile>
    <ClCompile Include="..\..\src\core\scene\textures\texture.cpp">
      <Filter>Source Files\core\scene\textures</Filter>
    </ClCompile>
    <ClCompile Include="..\..\src\core\scene\materials\lambert.cpp">
      <Filter>Source Files\core\scene\materials</Filter>
    </ClCompile>
    <ClCompile Include="..\..\src\core\scene\scene.cpp">
      <Filter>Source Files\core\scene</Filter>
    </ClCompile>
    <ClCompile Include="..\..\src\core\scene\attribute.cpp">
      <Filter>Source Files\core\scene</Filter>
    </ClCompile>
    <ClCompile Include="..\..\src\core\scene\world_container.cpp">
      <Filter>Source Files\core\scene</Filter>
    </ClCompile>
    <ClCompile Include="..\..\src\core\scene\scenario.cpp">
      <Filter>Source Files\core\scene</Filter>
    </ClCompile>
    <ClCompile Include="..\..\src\core\scene\instance.cpp">
      <Filter>Source Files\core\scene</Filter>
    </ClCompile>
    <ClCompile Include="..\..\src\core\cameras\pinhole.cpp">
      <Filter>Source Files\core\cameras</Filter>
    </ClCompile>
    <ClCompile Include="..\..\src\core\cameras\camera.cpp">
      <Filter>Source Files\core\cameras</Filter>
    </ClCompile>
    <ClCompile Include="..\..\src\core\renderer\cpu_pt.cpp">
      <Filter>Source Files\core\renderer</Filter>
    </ClCompile>
    <ClCompile Include="..\..\src\core\scene\lights\light_tree.cpp">
      <Filter>Source Files\core\scene\lights</Filter>
    </ClCompile>
    <ClCompile Include="..\..\src\core\memory\generic_resource.cpp">
      <Filter>Source Files\core\memory</Filter>
    </ClCompile>
    <ClCompile Include="..\..\src\core\renderer\gpu_pt.cpp">
      <Filter>Source Files\core\renderer</Filter>
    </ClCompile>
    <ClCompile Include="..\..\deps\glad\glad.c">
      <Filter>Source Files\deps\glad</Filter>
    </ClCompile>
    <ClCompile Include="..\..\src\core\scene\accel_structs\lbvh.cpp">
      <Filter>Source Files\core\scene\accel_structs</Filter>
    </ClCompile>
    <ClCompile Include="..\..\src\core\export\interface.cpp">
      <Filter>Source Files\core\export</Filter>
    </ClCompile>
    <ClCompile Include="..\..\src\core\renderer\cpu_bpt.cpp">
      <Filter>Source Files\core\renderer</Filter>
    </ClCompile>
    <ClCompile Include="..\..\src\plugin\plugin.cpp">
      <Filter>Source Files\plugin</Filter>
    </ClCompile>
    <ClCompile Include="..\..\src\plugin\texture_plugin.cpp">
      <Filter>Source Files\plugin</Filter>
    </ClCompile>
    <ClCompile Include="..\..\src\profiler\cpu_profiler.cpp">
      <Filter>Source Files\profiler</Filter>
    </ClCompile>
    <ClCompile Include="..\..\src\profiler\gpu_profiler.cpp">
      <Filter>Source Files\profiler</Filter>
    </ClCompile>
    <ClCompile Include="..\..\src\profiler\profiling.cpp">
      <Filter>Source Files\profiler</Filter>
    </ClCompile>
    <ClCompile Include="..\..\src\core\renderer\output_handler.cpp">
      <Filter>Source Files\core\renderer</Filter>
    </ClCompile>
    <ClCompile Include="..\..\src\core\scene\lights\lights.cpp">
      <Filter>Source Files\core\scene\lights</Filter>
    </ClCompile>
  </ItemGroup>
  <ItemGroup>
    <ClInclude Include="..\..\src\core\scene\object.hpp">
      <Filter>Source Files\core\scene</Filter>
    </ClInclude>
    <ClInclude Include="..\..\src\util\assert.hpp">
      <Filter>Source Files\util</Filter>
    </ClInclude>
    <ClInclude Include="..\..\deps\epsilon\include\ei\2dintersection.hpp">
      <Filter>Source Files\deps\epsilon</Filter>
    </ClInclude>
    <ClInclude Include="..\..\deps\epsilon\include\ei\2dtypes.hpp">
      <Filter>Source Files\deps\epsilon</Filter>
    </ClInclude>
    <ClInclude Include="..\..\deps\epsilon\include\ei\3dintersection.hpp">
      <Filter>Source Files\deps\epsilon</Filter>
    </ClInclude>
    <ClInclude Include="..\..\deps\epsilon\include\ei\3dtypes.hpp">
      <Filter>Source Files\deps\epsilon</Filter>
    </ClInclude>
    <ClInclude Include="..\..\deps\epsilon\include\ei\configure.hpp">
      <Filter>Source Files\deps\epsilon</Filter>
    </ClInclude>
    <ClInclude Include="..\..\deps\epsilon\include\ei\defaultconfig.hpp">
      <Filter>Source Files\deps\epsilon</Filter>
    </ClInclude>
    <ClInclude Include="..\..\deps\epsilon\include\ei\elementarytypes.hpp">
      <Filter>Source Files\deps\epsilon</Filter>
    </ClInclude>
    <ClInclude Include="..\..\deps\epsilon\include\ei\prime.hpp">
      <Filter>Source Files\deps\epsilon</Filter>
    </ClInclude>
    <ClInclude Include="..\..\deps\epsilon\include\ei\stdextensions.hpp">
      <Filter>Source Files\deps\epsilon</Filter>
    </ClInclude>
    <ClInclude Include="..\..\deps\epsilon\include\ei\vector.hpp">
      <Filter>Source Files\deps\epsilon</Filter>
    </ClInclude>
    <ClInclude Include="..\..\deps\chinoise\include\cn\chinoise.hpp">
      <Filter>Source Files\deps\chinoise</Filter>
    </ClInclude>
    <ClInclude Include="..\..\deps\chinoise\include\cn\fieldnoise.hpp">
      <Filter>Source Files\deps\chinoise</Filter>
    </ClInclude>
    <ClInclude Include="..\..\deps\chinoise\include\cn\rnd.hpp">
      <Filter>Source Files\deps\chinoise</Filter>
    </ClInclude>
    <ClInclude Include="..\..\deps\chinoise\include\cn\sampler.hpp">
      <Filter>Source Files\deps\chinoise</Filter>
    </ClInclude>
    <ClInclude Include="..\..\src\util\types.hpp">
      <Filter>Source Files\util</Filter>
    </ClInclude>
    <ClInclude Include="..\..\src\util\log.hpp">
      <Filter>Source Files\util</Filter>
    </ClInclude>
    <ClInclude Include="..\..\src\core\scene\geometry\polygon.hpp">
      <Filter>Source Files\core\scene\geometry</Filter>
    </ClInclude>
    <ClInclude Include="..\..\src\util\punning.hpp">
      <Filter>Source Files\util</Filter>
    </ClInclude>
    <ClInclude Include="..\..\src\core\scene\geometry\sphere.hpp">
      <Filter>Source Files\core\scene\geometry</Filter>
    </ClInclude>
    <ClInclude Include="..\..\src\util\tagged_tuple.hpp">
      <Filter>Source Files\util</Filter>
    </ClInclude>
    <ClInclude Include="..\..\src\core\scene\instance.hpp">
      <Filter>Source Files\core\scene</Filter>
    </ClInclude>
    <ClInclude Include="..\..\src\core\scene\scene.hpp">
      <Filter>Source Files\core\scene</Filter>
    </ClInclude>
    <ClInclude Include="..\..\src\util\flag.hpp">
      <Filter>Source Files\util</Filter>
    </ClInclude>
    <ClInclude Include="..\..\src\core\scene\materials\material.hpp">
      <Filter>Source Files\core\scene\materials</Filter>
    </ClInclude>
    <ClInclude Include="..\..\src\core\scene\materials\medium.hpp">
      <Filter>Source Files\core\scene\materials</Filter>
    </ClInclude>
    <ClInclude Include="..\..\src\util\types.hpp">
      <Filter>Source Files\util</Filter>
    </ClInclude>
    <ClInclude Include="..\..\src\core\scene\types.hpp">
      <Filter>Source Files\core\scene</Filter>
    </ClInclude>
    <ClInclude Include="..\..\src\core\scene\materials\lambert.hpp">
      <Filter>Source Files\core\scene\materials</Filter>
    </ClInclude>
    <ClInclude Include="..\..\src\core\scene\textures\cputexture.hpp">
      <Filter>Source Files\core\scene\textures</Filter>
    </ClInclude>
    <ClInclude Include="..\..\src\core\scene\textures\cubemap.hpp">
      <Filter>Source Files\core\scene\textures</Filter>
    </ClInclude>
    <ClInclude Include="..\..\src\core\scene\textures\texture.hpp">
      <Filter>Source Files\core\scene\textures</Filter>
    </ClInclude>
    <ClInclude Include="..\..\src\core\cuda\error.hpp">
      <Filter>Source Files\core\cuda</Filter>
    </ClInclude>
    <ClInclude Include="..\..\src\core\math\sampling.hpp">
      <Filter>Source Files\core\math</Filter>
    </ClInclude>
    <ClInclude Include="..\..\src\core\scene\world_container.hpp">
      <Filter>Source Files\core\scene</Filter>
    </ClInclude>
    <ClInclude Include="..\..\src\core\scene\scenario.hpp">
      <Filter>Source Files\core\scene</Filter>
    </ClInclude>
    <ClInclude Include="..\..\src\util\range.hpp">
      <Filter>Source Files\util</Filter>
    </ClInclude>
    <ClInclude Include="..\..\src\core\scene\lights\lights.hpp">
      <Filter>Source Files\core\scene\lights</Filter>
    </ClInclude>
    <ClInclude Include="..\..\src\core\scene\lights\light_tree.hpp">
      <Filter>Source Files\core\scene\lights</Filter>
    </ClInclude>
    <ClInclude Include="..\..\src\core\cameras\camera.hpp">
      <Filter>Source Files\core\cameras</Filter>
    </ClInclude>
    <ClInclude Include="..\..\src\core\cameras\pinhole.hpp">
      <Filter>Source Files\core\cameras</Filter>
    </ClInclude>
    <ClInclude Include="..\..\src\core\renderer\random_walk.hpp">
      <Filter>Source Files\core\renderer</Filter>
    </ClInclude>
    <ClInclude Include="..\..\src\core\renderer\cpu_pt.hpp">
      <Filter>Source Files\core\renderer</Filter>
    </ClInclude>
    <ClInclude Include="..\..\src\core\scene\handles.hpp">
      <Filter>Source Files\core\scene</Filter>
    </ClInclude>
    <ClInclude Include="..\..\src\core\renderer\path_util.hpp">
      <Filter>Source Files\core\renderer</Filter>
    </ClInclude>
    <ClInclude Include="..\..\src\core\memory\dyntype_memory.hpp">
      <Filter>Source Files\core\memory</Filter>
    </ClInclude>
    <ClInclude Include="..\..\src\core\memory\residency.hpp">
      <Filter>Source Files\core\memory</Filter>
    </ClInclude>
    <ClInclude Include="..\..\src\core\memory\allocator.hpp">
      <Filter>Source Files\core\memory</Filter>
    </ClInclude>
    <ClInclude Include="..\..\src\core\memory\synchronize.hpp">
      <Filter>Source Files\core\memory</Filter>
    </ClInclude>
    <ClInclude Include="..\..\src\core\memory\accessor.hpp">
      <Filter>Source Files\core\memory</Filter>
    </ClInclude>
    <ClInclude Include="..\..\src\core\memory\generic_resource.hpp">
      <Filter>Source Files\core\memory</Filter>
    </ClInclude>
    <ClInclude Include="..\..\deps\epsilon\include\ei\conversions.hpp">
      <Filter>Source Files\deps\epsilon</Filter>
    </ClInclude>
    <ClInclude Include="..\..\src\core\scene\lights\light_sampling.hpp">
      <Filter>Source Files\core\scene\lights</Filter>
    </ClInclude>
    <ClInclude Include="..\..\src\export\api.hpp">
      <Filter>Source Files\export</Filter>
    </ClInclude>
    <ClInclude Include="..\..\src\core\renderer\gpu_pt.hpp">
      <Filter>Source Files\core\renderer</Filter>
    </ClInclude>
    <ClInclude Include="..\..\src\core\scene\textures\interface.hpp">
      <Filter>Source Files\core\scene\textures</Filter>
    </ClInclude>
    <ClInclude Include="..\..\src\core\renderer\output_handler.hpp">
      <Filter>Source Files\core\renderer</Filter>
    </ClInclude>
    <ClInclude Include="..\..\src\util\byte_io.hpp">
      <Filter>Source Files\util</Filter>
    </ClInclude>
    <ClInclude Include="..\..\src\core\renderer\renderer.hpp">
      <Filter>Source Files\core\renderer</Filter>
    </ClInclude>
    <ClInclude Include="..\..\deps\glad\glad\glad.h">
      <Filter>Source Files\deps\glad\glad</Filter>
    </ClInclude>
    <ClInclude Include="..\..\deps\glad\KHR\khrplatform.h">
      <Filter>Source Files\deps\glad\KHR</Filter>
    </ClInclude>
    <ClInclude Include="..\..\src\core\math\sfcurves.hpp">
      <Filter>Source Files\core\math</Filter>
    </ClInclude>
    <ClInclude Include="..\..\src\core\math\rng.hpp">
      <Filter>Source Files\core\math</Filter>
    </ClInclude>
    <ClInclude Include="..\..\src\core\cuda\cu_lib_wrapper.h">
      <Filter>Source Files\core\cuda</Filter>
    </ClInclude>
    <ClInclude Include="..\..\src\core\scene\accel_structs\lbvh.hpp">
      <Filter>Source Files\core\scene\accel_structs</Filter>
    </ClInclude>
    <ClInclude Include="..\..\src\core\scene\accel_structs\accel_struct.hpp">
      <Filter>Source Files\core\scene\accel_structs</Filter>
    </ClInclude>
    <ClInclude Include="..\..\src\core\scene\accel_structs\build_lbvh.hpp">
      <Filter>Source Files\core\scene\accel_structs</Filter>
    </ClInclude>
    <ClInclude Include="..\..\src\core\scene\accel_structs\intersection.hpp">
      <Filter>Source Files\core\scene\accel_structs</Filter>
    </ClInclude>
    <ClInclude Include="..\..\deps\cub\cub\cub.cuh">
      <Filter>Source Files\deps\cub</Filter>
    </ClInclude>
    <ClInclude Include="..\..\deps\cub\cub\util_allocator.cuh">
      <Filter>Source Files\deps\cub</Filter>
    </ClInclude>
    <ClInclude Include="..\..\deps\cub\cub\util_arch.cuh">
      <Filter>Source Files\deps\cub</Filter>
    </ClInclude>
    <ClInclude Include="..\..\deps\cub\cub\util_debug.cuh">
      <Filter>Source Files\deps\cub</Filter>
    </ClInclude>
    <ClInclude Include="..\..\deps\cub\cub\util_device.cuh">
      <Filter>Source Files\deps\cub</Filter>
    </ClInclude>
    <ClInclude Include="..\..\deps\cub\cub\util_macro.cuh">
      <Filter>Source Files\deps\cub</Filter>
    </ClInclude>
    <ClInclude Include="..\..\deps\cub\cub\util_namespace.cuh">
      <Filter>Source Files\deps\cub</Filter>
    </ClInclude>
    <ClInclude Include="..\..\deps\cub\cub\util_ptx.cuh">
      <Filter>Source Files\deps\cub</Filter>
    </ClInclude>
    <ClInclude Include="..\..\deps\cub\cub\util_type.cuh">
      <Filter>Source Files\deps\cub</Filter>
    </ClInclude>
    <ClInclude Include="..\..\deps\cub\cub\agent\agent_histogram.cuh">
      <Filter>Source Files\deps\cub\agent</Filter>
    </ClInclude>
    <ClInclude Include="..\..\deps\cub\cub\agent\agent_radix_sort_downsweep.cuh">
      <Filter>Source Files\deps\cub\agent</Filter>
    </ClInclude>
    <ClInclude Include="..\..\deps\cub\cub\agent\agent_radix_sort_upsweep.cuh">
      <Filter>Source Files\deps\cub\agent</Filter>
    </ClInclude>
    <ClInclude Include="..\..\deps\cub\cub\agent\agent_reduce.cuh">
      <Filter>Source Files\deps\cub\agent</Filter>
    </ClInclude>
    <ClInclude Include="..\..\deps\cub\cub\agent\agent_reduce_by_key.cuh">
      <Filter>Source Files\deps\cub\agent</Filter>
    </ClInclude>
    <ClInclude Include="..\..\deps\cub\cub\agent\agent_rle.cuh">
      <Filter>Source Files\deps\cub\agent</Filter>
    </ClInclude>
    <ClInclude Include="..\..\deps\cub\cub\agent\agent_scan.cuh">
      <Filter>Source Files\deps\cub\agent</Filter>
    </ClInclude>
    <ClInclude Include="..\..\deps\cub\cub\agent\agent_segment_fixup.cuh">
      <Filter>Source Files\deps\cub\agent</Filter>
    </ClInclude>
    <ClInclude Include="..\..\deps\cub\cub\agent\agent_select_if.cuh">
      <Filter>Source Files\deps\cub\agent</Filter>
    </ClInclude>
    <ClInclude Include="..\..\deps\cub\cub\agent\agent_spmv_orig.cuh">
      <Filter>Source Files\deps\cub\agent</Filter>
    </ClInclude>
    <ClInclude Include="..\..\deps\cub\cub\agent\single_pass_scan_operators.cuh">
      <Filter>Source Files\deps\cub\agent</Filter>
    </ClInclude>
    <ClInclude Include="..\..\deps\cub\cub\block\block_adjacent_difference.cuh">
      <Filter>Source Files\deps\cub\block</Filter>
    </ClInclude>
    <ClInclude Include="..\..\deps\cub\cub\block\block_discontinuity.cuh">
      <Filter>Source Files\deps\cub\block</Filter>
    </ClInclude>
    <ClInclude Include="..\..\deps\cub\cub\block\block_exchange.cuh">
      <Filter>Source Files\deps\cub\block</Filter>
    </ClInclude>
    <ClInclude Include="..\..\deps\cub\cub\block\block_histogram.cuh">
      <Filter>Source Files\deps\cub\block</Filter>
    </ClInclude>
    <ClInclude Include="..\..\deps\cub\cub\block\block_load.cuh">
      <Filter>Source Files\deps\cub\block</Filter>
    </ClInclude>
    <ClInclude Include="..\..\deps\cub\cub\block\block_radix_rank.cuh">
      <Filter>Source Files\deps\cub\block</Filter>
    </ClInclude>
    <ClInclude Include="..\..\deps\cub\cub\block\block_radix_sort.cuh">
      <Filter>Source Files\deps\cub\block</Filter>
    </ClInclude>
    <ClInclude Include="..\..\deps\cub\cub\block\block_raking_layout.cuh">
      <Filter>Source Files\deps\cub\block</Filter>
    </ClInclude>
    <ClInclude Include="..\..\deps\cub\cub\block\block_reduce.cuh">
      <Filter>Source Files\deps\cub\block</Filter>
    </ClInclude>
    <ClInclude Include="..\..\deps\cub\cub\block\block_scan.cuh">
      <Filter>Source Files\deps\cub\block</Filter>
    </ClInclude>
    <ClInclude Include="..\..\deps\cub\cub\block\block_shuffle.cuh">
      <Filter>Source Files\deps\cub\block</Filter>
    </ClInclude>
    <ClInclude Include="..\..\deps\cub\cub\block\block_store.cuh">
      <Filter>Source Files\deps\cub\block</Filter>
    </ClInclude>
    <ClInclude Include="..\..\deps\cub\cub\block\specializations\block_histogram_atomic.cuh">
      <Filter>Source Files\deps\cub\block\specializations</Filter>
    </ClInclude>
    <ClInclude Include="..\..\deps\cub\cub\block\specializations\block_histogram_sort.cuh">
      <Filter>Source Files\deps\cub\block\specializations</Filter>
    </ClInclude>
    <ClInclude Include="..\..\deps\cub\cub\block\specializations\block_reduce_raking.cuh">
      <Filter>Source Files\deps\cub\block\specializations</Filter>
    </ClInclude>
    <ClInclude Include="..\..\deps\cub\cub\block\specializations\block_reduce_raking_commutative_only.cuh">
      <Filter>Source Files\deps\cub\block\specializations</Filter>
    </ClInclude>
    <ClInclude Include="..\..\deps\cub\cub\block\specializations\block_reduce_warp_reductions.cuh">
      <Filter>Source Files\deps\cub\block\specializations</Filter>
    </ClInclude>
    <ClInclude Include="..\..\deps\cub\cub\block\specializations\block_scan_raking.cuh">
      <Filter>Source Files\deps\cub\block\specializations</Filter>
    </ClInclude>
    <ClInclude Include="..\..\deps\cub\cub\block\specializations\block_scan_warp_scans.cuh">
      <Filter>Source Files\deps\cub\block\specializations</Filter>
    </ClInclude>
    <ClInclude Include="..\..\deps\cub\cub\block\specializations\block_scan_warp_scans2.cuh">
      <Filter>Source Files\deps\cub\block\specializations</Filter>
    </ClInclude>
    <ClInclude Include="..\..\deps\cub\cub\block\specializations\block_scan_warp_scans3.cuh">
      <Filter>Source Files\deps\cub\block\specializations</Filter>
    </ClInclude>
    <ClInclude Include="..\..\deps\cub\cub\device\device_histogram.cuh">
      <Filter>Source Files\deps\cub\device</Filter>
    </ClInclude>
    <ClInclude Include="..\..\deps\cub\cub\device\device_partition.cuh">
      <Filter>Source Files\deps\cub\device</Filter>
    </ClInclude>
    <ClInclude Include="..\..\deps\cub\cub\device\device_radix_sort.cuh">
      <Filter>Source Files\deps\cub\device</Filter>
    </ClInclude>
    <ClInclude Include="..\..\deps\cub\cub\device\device_reduce.cuh">
      <Filter>Source Files\deps\cub\device</Filter>
    </ClInclude>
    <ClInclude Include="..\..\deps\cub\cub\device\device_run_length_encode.cuh">
      <Filter>Source Files\deps\cub\device</Filter>
    </ClInclude>
    <ClInclude Include="..\..\deps\cub\cub\device\device_scan.cuh">
      <Filter>Source Files\deps\cub\device</Filter>
    </ClInclude>
    <ClInclude Include="..\..\deps\cub\cub\device\device_segmented_radix_sort.cuh">
      <Filter>Source Files\deps\cub\device</Filter>
    </ClInclude>
    <ClInclude Include="..\..\deps\cub\cub\device\device_segmented_reduce.cuh">
      <Filter>Source Files\deps\cub\device</Filter>
    </ClInclude>
    <ClInclude Include="..\..\deps\cub\cub\device\device_select.cuh">
      <Filter>Source Files\deps\cub\device</Filter>
    </ClInclude>
    <ClInclude Include="..\..\deps\cub\cub\device\device_spmv.cuh">
      <Filter>Source Files\deps\cub\device</Filter>
    </ClInclude>
    <ClInclude Include="..\..\deps\cub\cub\device\dispatch\dispatch_histogram.cuh">
      <Filter>Source Files\deps\cub\device\dispatch</Filter>
    </ClInclude>
    <ClInclude Include="..\..\deps\cub\cub\device\dispatch\dispatch_radix_sort.cuh">
      <Filter>Source Files\deps\cub\device\dispatch</Filter>
    </ClInclude>
    <ClInclude Include="..\..\deps\cub\cub\device\dispatch\dispatch_reduce.cuh">
      <Filter>Source Files\deps\cub\device\dispatch</Filter>
    </ClInclude>
    <ClInclude Include="..\..\deps\cub\cub\device\dispatch\dispatch_reduce_by_key.cuh">
      <Filter>Source Files\deps\cub\device\dispatch</Filter>
    </ClInclude>
    <ClInclude Include="..\..\deps\cub\cub\device\dispatch\dispatch_rle.cuh">
      <Filter>Source Files\deps\cub\device\dispatch</Filter>
    </ClInclude>
    <ClInclude Include="..\..\deps\cub\cub\device\dispatch\dispatch_scan.cuh">
      <Filter>Source Files\deps\cub\device\dispatch</Filter>
    </ClInclude>
    <ClInclude Include="..\..\deps\cub\cub\device\dispatch\dispatch_select_if.cuh">
      <Filter>Source Files\deps\cub\device\dispatch</Filter>
    </ClInclude>
    <ClInclude Include="..\..\deps\cub\cub\device\dispatch\dispatch_spmv_orig.cuh">
      <Filter>Source Files\deps\cub\device\dispatch</Filter>
    </ClInclude>
    <ClInclude Include="..\..\deps\cub\cub\grid\grid_barrier.cuh">
      <Filter>Source Files\deps\cub\grid</Filter>
    </ClInclude>
    <ClInclude Include="..\..\deps\cub\cub\grid\grid_even_share.cuh">
      <Filter>Source Files\deps\cub\grid</Filter>
    </ClInclude>
    <ClInclude Include="..\..\deps\cub\cub\grid\grid_mapping.cuh">
      <Filter>Source Files\deps\cub\grid</Filter>
    </ClInclude>
    <ClInclude Include="..\..\deps\cub\cub\grid\grid_queue.cuh">
      <Filter>Source Files\deps\cub\grid</Filter>
    </ClInclude>
    <ClInclude Include="..\..\deps\cub\cub\host\mutex.cuh">
      <Filter>Source Files\deps\cub\host</Filter>
    </ClInclude>
    <ClInclude Include="..\..\deps\cub\cub\iterator\arg_index_input_iterator.cuh">
      <Filter>Source Files\deps\cub\iterator</Filter>
    </ClInclude>
    <ClInclude Include="..\..\deps\cub\cub\iterator\cache_modified_input_iterator.cuh">
      <Filter>Source Files\deps\cub\iterator</Filter>
    </ClInclude>
    <ClInclude Include="..\..\deps\cub\cub\iterator\cache_modified_output_iterator.cuh">
      <Filter>Source Files\deps\cub\iterator</Filter>
    </ClInclude>
    <ClInclude Include="..\..\deps\cub\cub\iterator\constant_input_iterator.cuh">
      <Filter>Source Files\deps\cub\iterator</Filter>
    </ClInclude>
    <ClInclude Include="..\..\deps\cub\cub\iterator\counting_input_iterator.cuh">
      <Filter>Source Files\deps\cub\iterator</Filter>
    </ClInclude>
    <ClInclude Include="..\..\deps\cub\cub\iterator\discard_output_iterator.cuh">
      <Filter>Source Files\deps\cub\iterator</Filter>
    </ClInclude>
    <ClInclude Include="..\..\deps\cub\cub\iterator\tex_obj_input_iterator.cuh">
      <Filter>Source Files\deps\cub\iterator</Filter>
    </ClInclude>
    <ClInclude Include="..\..\deps\cub\cub\iterator\tex_ref_input_iterator.cuh">
      <Filter>Source Files\deps\cub\iterator</Filter>
    </ClInclude>
    <ClInclude Include="..\..\deps\cub\cub\iterator\transform_input_iterator.cuh">
      <Filter>Source Files\deps\cub\iterator</Filter>
    </ClInclude>
    <ClInclude Include="..\..\deps\cub\cub\thread\thread_load.cuh">
      <Filter>Source Files\deps\cub\thread</Filter>
    </ClInclude>
    <ClInclude Include="..\..\deps\cub\cub\thread\thread_operators.cuh">
      <Filter>Source Files\deps\cub\thread</Filter>
    </ClInclude>
    <ClInclude Include="..\..\deps\cub\cub\thread\thread_reduce.cuh">
      <Filter>Source Files\deps\cub\thread</Filter>
    </ClInclude>
    <ClInclude Include="..\..\deps\cub\cub\thread\thread_scan.cuh">
      <Filter>Source Files\deps\cub\thread</Filter>
    </ClInclude>
    <ClInclude Include="..\..\deps\cub\cub\thread\thread_search.cuh">
      <Filter>Source Files\deps\cub\thread</Filter>
    </ClInclude>
    <ClInclude Include="..\..\deps\cub\cub\thread\thread_store.cuh">
      <Filter>Source Files\deps\cub\thread</Filter>
    </ClInclude>
    <ClInclude Include="..\..\deps\cub\cub\warp\warp_reduce.cuh">
      <Filter>Source Files\deps\cub\warp</Filter>
    </ClInclude>
    <ClInclude Include="..\..\deps\cub\cub\warp\warp_scan.cuh">
      <Filter>Source Files\deps\cub\warp</Filter>
    </ClInclude>
    <ClInclude Include="..\..\deps\cub\cub\warp\specializations\warp_reduce_shfl.cuh">
      <Filter>Source Files\deps\cub\warp\specializations</Filter>
    </ClInclude>
    <ClInclude Include="..\..\deps\cub\cub\warp\specializations\warp_reduce_smem.cuh">
      <Filter>Source Files\deps\cub\warp\specializations</Filter>
    </ClInclude>
    <ClInclude Include="..\..\deps\cub\cub\warp\specializations\warp_scan_shfl.cuh">
      <Filter>Source Files\deps\cub\warp\specializations</Filter>
    </ClInclude>
    <ClInclude Include="..\..\deps\cub\cub\warp\specializations\warp_scan_smem.cuh">
      <Filter>Source Files\deps\cub\warp\specializations</Filter>
    </ClInclude>
    <ClInclude Include="..\..\src\core\export\interface.h">
      <Filter>Source Files\core\export</Filter>
    </ClInclude>
    <ClInclude Include="..\..\src\util\degrad.hpp">
      <Filter>Source Files\util</Filter>
    </ClInclude>
    <ClInclude Include="..\..\src\util\int_types.hpp">
      <Filter>Source Files\util</Filter>
    </ClInclude>
    <ClInclude Include="..\..\src\core\scene\accel_structs\accel_structs_commons.hpp">
      <Filter>Source Files\core\scene\accel_structs</Filter>
    </ClInclude>
    <ClInclude Include="..\..\src\core\cameras\camera_sampling.hpp">
      <Filter>Source Files\core\cameras</Filter>
    </ClInclude>
    <ClInclude Include="..\..\src\core\scene\materials\material_sampling.hpp">
      <Filter>Source Files\core\scene\materials</Filter>
    </ClInclude>
    <ClInclude Include="..\..\src\core\scene\materials\material_types.hpp">
      <Filter>Source Files\core\scene\materials</Filter>
    </ClInclude>
    <ClInclude Include="..\..\src\util\filesystem.hpp">
      <Filter>Source Files\util</Filter>
    </ClInclude>
    <ClInclude Include="..\..\src\core\scene\geometry\polygon_mesh.hpp">
      <Filter>Source Files\core\scene\geometry</Filter>
    </ClInclude>
    <ClInclude Include="..\..\src\plugin\plugin.hpp">
      <Filter>Source Files\plugin</Filter>
    </ClInclude>
    <ClInclude Include="..\..\src\plugin\texture_plugin.hpp">
      <Filter>Source Files\plugin</Filter>
    </ClInclude>
    <ClInclude Include="..\..\src\core\export\texture_data.h">
      <Filter>Source Files\core\export</Filter>
    </ClInclude>
    <ClInclude Include="..\..\src\profiler\cpu_profiler.hpp">
      <Filter>Source Files\profiler</Filter>
    </ClInclude>
    <ClInclude Include="..\..\src\profiler\gpu_profiler.hpp">
      <Filter>Source Files\profiler</Filter>
    </ClInclude>
    <ClInclude Include="..\..\src\profiler\profiling.hpp">
      <Filter>Source Files\profiler</Filter>
    </ClInclude>
    <ClInclude Include="..\..\src\core\memory\hashmap.hpp">
      <Filter>Source Files\core\memory</Filter>
    </ClInclude>
  </ItemGroup>
  <ItemGroup>
    <ClInclude Include="..\..\src\core\scene\attribute_list.hpp">
      <Filter>Source Files\core\scene</Filter>
    </ClInclude>
    <ClInclude Include="..\..\src\core\scene\attribute.hpp">
      <Filter>Source Files\core\scene</Filter>
    </ClInclude>
  </ItemGroup>
  <ItemGroup>
    <CudaCompile Include="..\..\src\core\renderer\gpu_pt.cu">
      <Filter>Source Files\core\renderer</Filter>
    </CudaCompile>
    <CudaCompile Include="..\..\src\core\cuda\cu_lib_wrapper.cu">
      <Filter>Source Files\core\cuda</Filter>
    </CudaCompile>
    <CudaCompile Include="..\..\src\core\scene\accel_structs\build_lbvh.cu">
      <Filter>Source Files\core\scene\accel_structs</Filter>
    </CudaCompile>
    <CudaCompile Include="..\..\src\core\scene\accel_structs\intersection.cu">
      <Filter>Source Files\core\scene\accel_structs</Filter>
    </CudaCompile>
    <CudaCompile Include="..\..\src\core\scene\accel_structs\accel_structs_commons.cu">
      <Filter>Source Files\core\scene\accel_structs</Filter>
    </CudaCompile>
    <CudaCompile Include="..\..\src\core\renderer\output_handler.cu">
      <Filter>Source Files\core\renderer</Filter>
    </CudaCompile>
  </ItemGroup>
</Project>