<?xml version="1.0" encoding="utf-8"?>
<Project ToolsVersion="4.0" xmlns="http://schemas.microsoft.com/developer/msbuild/2003">
  <ItemGroup>
    <Filter Include="Source Files">
      <UniqueIdentifier>{4FC737F1-C7A5-4376-A066-2A32D752A2FF}</UniqueIdentifier>
      <Extensions>cpp;c;cc;cxx;def;odl;idl;hpj;bat;asm;asmx</Extensions>
    </Filter>
    <Filter Include="Source Files\pfmloader">
      <UniqueIdentifier>{812333d9-c80e-4824-96c0-9ef33e2603e8}</UniqueIdentifier>
    </Filter>
    <Filter Include="Source Files\util">
      <UniqueIdentifier>{b468221b-cd1f-4890-8b40-c2fa3950d764}</UniqueIdentifier>
    </Filter>
    <Filter Include="Source Files\plugin">
      <UniqueIdentifier>{016a32fe-bc1b-41e0-9df7-6e8f109c0995}</UniqueIdentifier>
    </Filter>
  </ItemGroup>
  <ItemGroup>
    <ClInclude Include="..\..\src\util\log.hpp">
      <Filter>Source Files\util</Filter>
    </ClInclude>
    <ClInclude Include="..\..\src\plugin\texture_plugin_interface.h">
      <Filter>Source Files\plugin</Filter>
    </ClInclude>
  </ItemGroup>
  <ItemGroup>
    <ClCompile Include="..\..\src\pfmloader\interface.cpp">
      <Filter>Source Files\pfmloader</Filter>
    </ClCompile>
    <ClCompile Include="..\..\src\util\log.cpp">
      <Filter>Source Files\util</Filter>
    </ClCompile>
  </ItemGroup>
</Project>