<?xml version="1.0" encoding="utf-8"?>
<Project ToolsVersion="4.0" xmlns="http://schemas.microsoft.com/developer/msbuild/2003">
  <ItemGroup>
    <Filter Include="Source Files">
      <UniqueIdentifier>{4FC737F1-C7A5-4376-A066-2A32D752A2FF}</UniqueIdentifier>
      <Extensions>cpp;c;cc;cxx;def;odl;idl;hpj;bat;asm;asmx</Extensions>
    </Filter>
    <Filter Include="Source Files\loader">
      <UniqueIdentifier>{87db4711-2986-4032-b8f1-8e6bd2d6041b}</UniqueIdentifier>
    </Filter>
    <Filter Include="Source Files\core">
      <UniqueIdentifier>{cb799c0c-f3d0-4f32-9d0d-5d81003d2b7c}</UniqueIdentifier>
    </Filter>
    <Filter Include="Source Files\deps">
      <UniqueIdentifier>{adc8945a-e961-41dc-a999-159a2781adc4}</UniqueIdentifier>
    </Filter>
    <Filter Include="Source Files\deps\epsilon">
      <UniqueIdentifier>{3d7580e7-fb64-4e62-9411-209e305680a7}</UniqueIdentifier>
    </Filter>
    <Filter Include="Source Files\deps\chinoise">
      <UniqueIdentifier>{9de4c341-434c-4c95-bd7b-c29a852ca17e}</UniqueIdentifier>
    </Filter>
    <Filter Include="Source Files\loader\export">
      <UniqueIdentifier>{8ac1c7a9-9155-46d2-a6d5-a35f57cdb04b}</UniqueIdentifier>
    </Filter>
    <Filter Include="Source Files\loader\parsing">
      <UniqueIdentifier>{5742c584-79b4-439d-9665-2ea0c1d89a10}</UniqueIdentifier>
    </Filter>
    <Filter Include="Source Files\util">
      <UniqueIdentifier>{4a959210-53dc-4e57-826d-966bfbedf809}</UniqueIdentifier>
    </Filter>
    <Filter Include="Source Files\deps\miniz">
      <UniqueIdentifier>{7bba0a4a-921a-4b37-b088-7a154c97af33}</UniqueIdentifier>
    </Filter>
    <Filter Include="Source Files\profiler">
      <UniqueIdentifier>{0ebc98a5-a258-48ec-9fe9-d56a906b738e}</UniqueIdentifier>
    </Filter>
    <Filter Include="Source Files\core\export">
      <UniqueIdentifier>{7875ae35-a123-434f-b195-f62080099bc7}</UniqueIdentifier>
    </Filter>
  </ItemGroup>
  <ItemGroup>
    <ClCompile Include="..\..\deps\chinoise\src\fieldnoise.cpp">
      <Filter>Source Files\deps\chinoise</Filter>
    </ClCompile>
    <ClCompile Include="..\..\deps\chinoise\src\rnd.cpp">
      <Filter>Source Files\deps\chinoise</Filter>
    </ClCompile>
    <ClCompile Include="..\..\deps\chinoise\src\chinoise.cpp">
      <Filter>Source Files\deps\chinoise</Filter>
    </ClCompile>
    <ClCompile Include="..\..\src\loader\export\interface.cpp">
      <Filter>Source Files\loader\export</Filter>
    </ClCompile>
    <ClCompile Include="..\..\src\loader\parsing\binary.cpp">
      <Filter>Source Files\loader\parsing</Filter>
    </ClCompile>
    <ClCompile Include="..\..\src\loader\parsing\json_helper.cpp">
      <Filter>Source Files\loader\parsing</Filter>
    </ClCompile>
    <ClCompile Include="..\..\src\loader\parsing\json_loader.cpp">
      <Filter>Source Files\loader\parsing</Filter>
    </ClCompile>
    <ClCompile Include="..\..\deps\miniz\miniz\miniz.c">
      <Filter>Source Files\deps\miniz</Filter>
    </ClCompile>
    <ClCompile Include="..\..\src\util\log.cpp">
      <Filter>Source Files\util</Filter>
    </ClCompile>
  </ItemGroup>
  <ItemGroup>
    <ClInclude Include="..\..\deps\chinoise\include\cn\chinoise.hpp">
      <Filter>Source Files\deps\chinoise</Filter>
    </ClInclude>
    <ClInclude Include="..\..\deps\chinoise\include\cn\fieldnoise.hpp">
      <Filter>Source Files\deps\chinoise</Filter>
    </ClInclude>
    <ClInclude Include="..\..\deps\chinoise\include\cn\rnd.hpp">
      <Filter>Source Files\deps\chinoise</Filter>
    </ClInclude>
    <ClInclude Include="..\..\deps\chinoise\include\cn\sampler.hpp">
      <Filter>Source Files\deps\chinoise</Filter>
    </ClInclude>
    <ClInclude Include="..\..\deps\epsilon\include\ei\3dtypes.hpp">
      <Filter>Source Files\deps\epsilon</Filter>
    </ClInclude>
    <ClInclude Include="..\..\deps\epsilon\include\ei\configure.hpp">
      <Filter>Source Files\deps\epsilon</Filter>
    </ClInclude>
    <ClInclude Include="..\..\deps\epsilon\include\ei\defaultconfig.hpp">
      <Filter>Source Files\deps\epsilon</Filter>
    </ClInclude>
    <ClInclude Include="..\..\deps\epsilon\include\ei\elementarytypes.hpp">
      <Filter>Source Files\deps\epsilon</Filter>
    </ClInclude>
    <ClInclude Include="..\..\deps\epsilon\include\ei\prime.hpp">
      <Filter>Source Files\deps\epsilon</Filter>
    </ClInclude>
    <ClInclude Include="..\..\deps\epsilon\include\ei\stdextensions.hpp">
      <Filter>Source Files\deps\epsilon</Filter>
    </ClInclude>
    <ClInclude Include="..\..\deps\epsilon\include\ei\vector.hpp">
      <Filter>Source Files\deps\epsilon</Filter>
    </ClInclude>
    <ClInclude Include="..\..\deps\epsilon\include\ei\2dintersection.hpp">
      <Filter>Source Files\deps\epsilon</Filter>
    </ClInclude>
    <ClInclude Include="..\..\deps\epsilon\include\ei\2dtypes.hpp">
      <Filter>Source Files\deps\epsilon</Filter>
    </ClInclude>
    <ClInclude Include="..\..\deps\epsilon\include\ei\3dintersection.hpp">
      <Filter>Source Files\deps\epsilon</Filter>
    </ClInclude>
    <ClInclude Include="..\..\src\loader\export\interface.h">
      <Filter>Source Files\loader\export</Filter>
    </ClInclude>
    <ClInclude Include="..\..\src\loader\parsing\binary.hpp">
      <Filter>Source Files\loader\parsing</Filter>
    </ClInclude>
    <ClInclude Include="..\..\src\loader\parsing\json_helper.hpp">
      <Filter>Source Files\loader\parsing</Filter>
    </ClInclude>
    <ClInclude Include="..\..\src\loader\parsing\json_loader.hpp">
      <Filter>Source Files\loader\parsing</Filter>
    </ClInclude>
    <ClInclude Include="..\..\src\util\log.hpp">
      <Filter>Source Files\util</Filter>
    </ClInclude>
    <ClInclude Include="..\..\deps\miniz\miniz\miniz.h">
      <Filter>Source Files\deps\miniz</Filter>
    </ClInclude>
    <ClInclude Include="..\..\src\util\filesystem.hpp">
      <Filter>Source Files\util</Filter>
    </ClInclude>
    <ClInclude Include="..\..\src\core\export\interface.h">
      <Filter>Source Files\core\export</Filter>
    </ClInclude>
    <ClInclude Include="..\..\src\profiler\cpu_profiler.hpp">
      <Filter>Source Files\profiler</Filter>
    </ClInclude>
    <ClInclude Include="..\..\src\profiler\profiling.hpp">
      <Filter>Source Files\profiler</Filter>
    </ClInclude>
    <ClInclude Include="..\..\src\loader\export\api.h">
      <Filter>Source Files\loader\export</Filter>
    </ClInclude>
  </ItemGroup>
</Project>