<?xml version="1.0" encoding="utf-8"?>
<Project ToolsVersion="4.0" xmlns="http://schemas.microsoft.com/developer/msbuild/2003">
  <ItemGroup>
    <Filter Include="Source Files">
      <UniqueIdentifier>{4FC737F1-C7A5-4376-A066-2A32D752A2FF}</UniqueIdentifier>
      <Extensions>cpp;c;cc;cxx;def;odl;idl;hpj;bat;asm;asmx</Extensions>
    </Filter>
    <Filter Include="Source Files\deps">
      <UniqueIdentifier>{3d663ae1-eaa4-4a5c-b255-578eb18de675}</UniqueIdentifier>
    </Filter>
    <Filter Include="Source Files\deps\stbi">
      <UniqueIdentifier>{bb8f59cf-8c05-4152-9602-22ae6f6eed18}</UniqueIdentifier>
    </Filter>
    <Filter Include="Source Files\stbiloader">
      <UniqueIdentifier>{04fd482b-b74b-4399-8b13-61b440a2ae08}</UniqueIdentifier>
    </Filter>
    <Filter Include="Source Files\util">
      <UniqueIdentifier>{38d12190-d04e-4bb3-8bcc-06d532c62d01}</UniqueIdentifier>
    </Filter>
    <Filter Include="Source Files\plugin">
      <UniqueIdentifier>{dd81739f-ce87-4978-8b98-180b62bbf506}</UniqueIdentifier>
    </Filter>
  </ItemGroup>
  <ItemGroup>
    <ClInclude Include="..\..\deps\stbi\stb_image.h">
      <Filter>Source Files\deps\stbi</Filter>
    </ClInclude>
    <ClInclude Include="..\..\src\util\log.hpp">
      <Filter>Source Files\util</Filter>
    </ClInclude>
    <ClInclude Include="..\..\src\plugin\texture_plugin_interface.h">
      <Filter>Source Files\plugin</Filter>
    </ClInclude>
    <ClInclude Include="..\..\src\util\string_view.hpp">
      <Filter>Source Files\util</Filter>
    </ClInclude>
  </ItemGroup>
  <ItemGroup>
    <ClCompile Include="..\..\src\stbiloader\interface.cpp">
      <Filter>Source Files\stbiloader</Filter>
    </ClCompile>
    <ClCompile Include="..\..\src\util\log.cpp">
      <Filter>Source Files\util</Filter>
    </ClCompile>
  </ItemGroup>
</Project>